{
  "name": "topology-manager-blackxml",
  "version": "1.0.0",
  "lockfileVersion": 3,
  "requires": true,
  "packages": {
    "": {
      "name": "topology-manager-blackxml",
      "version": "1.0.0",
      "dependencies": {
        "dmdb": "1.0.49630",
        "snappyjs": "0.7.0"
      },
      "engines": {
        "node": ">=18"
      }
    },
    "node_modules/dmdb": {
      "version": "1.0.49630",
      "resolved": "https://registry.npmjs.org/dmdb/-/dmdb-1.0.49630.tgz",
      "integrity": "sha512-S14yPhEK8fJO+ljoT0G+KCZN2qvGWS0G3RTRg9eKvt7DUK5nD0+Xi3b2dUlwirNIEv996iDDbUanuzFOwbxjXQ==",
      "dependencies": {
        "iconv-lite": "^0.5.1"
      },
      "engines": {
        "node": ">= 12"
      },
      "peerDependencies": {
        "snappy": "^7.2.0",
        "snappyjs": "^0.7.0"
      },
      "peerDependenciesMeta": {
        "snappy": {
          "optional": true
        },
        "snappyjs": {
          "optional": true
        }
      }
    },
    "node_modules/iconv-lite": {
      "version": "0.5.2",
      "resolved": "https://registry.npmjs.org/iconv-lite/-/iconv-lite-0.5.2.tgz",
      "integrity": "sha512-kERHXvpSaB4aU3eANwidg79K8FlrN77m8G9V+0vOR3HYaRifrlwMEpT7ZBJqLSEIHnEgJTHcWK82wwLwwKwtag==",
      "license": "MIT",
      "dependencies": {
        "safer-buffer": ">= 2.1.2 < 3"
      },
      "engines": {
        "node": ">=0.10.0"
      }
    },
    "node_modules/safer-buffer": {
      "version": "2.1.2",
      "resolved": "https://registry.npmjs.org/safer-buffer/-/safer-buffer-2.1.2.tgz",
      "integrity": "sha512-YZo3K82SD7Riyi0E1EQPojLz7kpepnSQI9IyPbHHg1XXXevb5dJI7tpyN2ADxGcQbHG7vcyRHk0cbwqcQriUtg==",
      "license": "MIT"
    },
    "node_modules/snappyjs": {
      "version": "0.7.0",
      "resolved": "https://registry.npmjs.org/snappyjs/-/snappyjs-0.7.0.tgz",
      "integrity": "sha512-u5iEEXkMe2EInQio6Wv9LWHOQYRDbD2O9hzS27GpT/lwfIQhTCnHCTqedqHIHe9ZcvQo+9au6vngQayipz1NYw==",
      "license": "MIT"
    }
  }
}
